
Microsoft Visual Studio Solution File, Format Version 9.00
# Visual C# Express 2005
Project("{FAE04EC0-301F-11D3-BF4B-00C04F79EFBC}") = "NettivisioHelper", "NettivisioHelper\NettivisioHelper.csproj", "{ABA26FFC-09A0-4C13-9F93-E7D35997C439}"
EndProject
Global
	GlobalSection(SolutionConfigurationPlatforms) = preSolution
		Debug|Any CPU = Debug|Any CPU
		Release|Any CPU = Release|Any CPU
	EndGlobalSection
	GlobalSection(ProjectConfigurationPlatforms) = postSolution
		{ABA26FFC-09A0-4C13-9F93-E7D35997C439}.Debug|Any CPU.ActiveCfg = Debug|Any CPU
		{ABA26FFC-09A0-4C13-9F93-E7D35997C439}.Debug|Any CPU.Build.0 = Debug|Any CPU
		{ABA26FFC-09A0-4C13-9F93-E7D35997C439}.Release|Any CPU.ActiveCfg = Release|Any CPU
		{ABA26FFC-09A0-4C13-9F93-E7D35997C439}.Release|Any CPU.Build.0 = Release|Any CPU
	EndGlobalSection
	GlobalSection(SolutionProperties) = preSolution
		HideSolutionNode = FALSE
	EndGlobalSection
EndGlobal
